
Microsoft Visual Studio Solution File, Format Version 12.00
# Visual Studio 15
VisualStudioVersion = 15.0.27703.2047
MinimumVisualStudioVersion = 10.0.40219.1
Project("{2150E333-8FDC-42A3-9474-1A3956D46DE8}") = "Solution Items", "Solution Items", "{374E64D5-73FC-4C46-9648-AB47C622E521}"
	ProjectSection(SolutionItems) = preProject
		..\.gitattributes = ..\.gitattributes
		..\.gitignore = ..\.gitignore
		_analyzers\GetSwiftNet.ruleset = _analyzers\GetSwiftNet.ruleset
		_analyzers\GetSwiftNetTests.ruleset = _analyzers\GetSwiftNetTests.ruleset
		..\LICENSE = ..\LICENSE
	EndProjectSection
EndProject
Project("{9A19103F-16F7-4668-BE54-9A1E7A4F7556}") = "GetSwiftNet", "GetSwiftNet\GetSwiftNet.csproj", "{03F79D06-E8CA-440E-9A6D-171D175D679B}"
EndProject
Project("{9A19103F-16F7-4668-BE54-9A1E7A4F7556}") = "GetSwiftNet.Tests", "GetSwiftNetTests\GetSwiftNet.Tests.csproj", "{D592F172-ACCF-4049-92AA-B208F0895552}"
EndProject
Global
	GlobalSection(SolutionConfigurationPlatforms) = preSolution
		Debug|Any CPU = Debug|Any CPU
		Release|Any CPU = Release|Any CPU
	EndGlobalSection
	GlobalSection(ProjectConfigurationPlatforms) = postSolution
		{03F79D06-E8CA-440E-9A6D-171D175D679B}.Debug|Any CPU.ActiveCfg = Release|Any CPU
		{03F79D06-E8CA-440E-9A6D-171D175D679B}.Debug|Any CPU.Build.0 = Release|Any CPU
		{03F79D06-E8CA-440E-9A6D-171D175D679B}.Release|Any CPU.ActiveCfg = Release|Any CPU
		{03F79D06-E8CA-440E-9A6D-171D175D679B}.Release|Any CPU.Build.0 = Release|Any CPU
		{D592F172-ACCF-4049-92AA-B208F0895552}.Debug|Any CPU.ActiveCfg = Debug|Any CPU
		{D592F172-ACCF-4049-92AA-B208F0895552}.Debug|Any CPU.Build.0 = Debug|Any CPU
		{D592F172-ACCF-4049-92AA-B208F0895552}.Release|Any CPU.ActiveCfg = Release|Any CPU
		{D592F172-ACCF-4049-92AA-B208F0895552}.Release|Any CPU.Build.0 = Release|Any CPU
	EndGlobalSection
	GlobalSection(SolutionProperties) = preSolution
		HideSolutionNode = FALSE
	EndGlobalSection
	GlobalSection(ExtensibilityGlobals) = postSolution
		SolutionGuid = {8E1D4122-4DB7-45E7-9630-CB83345FED45}
	EndGlobalSection
EndGlobal
